// !$*UTF8*$!
{
	archiveVersion = 1;
	classes = {
	};
	objectVersion = 50;
	objects = {

/* Begin PBXBuildFile section */
		4D73DAF821C28FCC00BDDD7A /* AppDelegate.swift in Sources */ = {isa = PBXBuildFile; fileRef = 4D73DAF721C28FCC00BDDD7A /* AppDelegate.swift */; };
		4D73DAFA21C28FCC00BDDD7A /* TableVC.swift in Sources */ = {isa = PBXBuildFile; fileRef = 4D73DAF921C28FCC00BDDD7A /* TableVC.swift */; };
		4D73DAFD21C28FCC00BDDD7A /* Main.storyboard in Resources */ = {isa = PBXBuildFile; fileRef = 4D73DAFB21C28FCC00BDDD7A /* Main.storyboard */; };
		4D73DAFF21C28FCE00BDDD7A /* Assets.xcassets in Resources */ = {isa = PBXBuildFile; fileRef = 4D73DAFE21C28FCE00BDDD7A /* Assets.xcassets */; };
		4D73DB0221C28FCE00BDDD7A /* LaunchScreen.storyboard in Resources */ = {isa = PBXBuildFile; fileRef = 4D73DB0021C28FCE00BDDD7A /* LaunchScreen.storyboard */; };
		4D73DB0A21C2909200BDDD7A /* NetworkManager.swift in Sources */ = {isa = PBXBuildFile; fileRef = 4D73DB0921C2909200BDDD7A /* NetworkManager.swift */; };
		4D8E7AE021C399E500A2FD12 /* CollectionVC.swift in Sources */ = {isa = PBXBuildFile; fileRef = 4D8E7ADF21C399E500A2FD12 /* CollectionVC.swift */; };
		4D8E7AE321C39BAD00A2FD12 /* CollectionCell.swift in Sources */ = {isa = PBXBuildFile; fileRef = 4D8E7AE121C39BAD00A2FD12 /* CollectionCell.swift */; };
		4D8E7AE421C39BAD00A2FD12 /* CollectionCell.xib in Resources */ = {isa = PBXBuildFile; fileRef = 4D8E7AE221C39BAD00A2FD12 /* CollectionCell.xib */; };
		4D8E7AEA21C40BD500A2FD12 /* MovieCell.swift in Sources */ = {isa = PBXBuildFile; fileRef = 4D8E7AE821C40BD500A2FD12 /* MovieCell.swift */; };
		4D8E7AEB21C40BD500A2FD12 /* MovieCell.xib in Resources */ = {isa = PBXBuildFile; fileRef = 4D8E7AE921C40BD500A2FD12 /* MovieCell.xib */; };
		4DD981E621C639A70033F064 /* DetailCell.swift in Sources */ = {isa = PBXBuildFile; fileRef = 4DD981E421C639A70033F064 /* DetailCell.swift */; };
		4DD981E721C639A70033F064 /* DetailCell.xib in Resources */ = {isa = PBXBuildFile; fileRef = 4DD981E521C639A70033F064 /* DetailCell.xib */; };
		4DD981EA21C659C90033F064 /* CommentsCell.swift in Sources */ = {isa = PBXBuildFile; fileRef = 4DD981E821C659C90033F064 /* CommentsCell.swift */; };
		4DD981EB21C659C90033F064 /* CommentsCell.xib in Resources */ = {isa = PBXBuildFile; fileRef = 4DD981E921C659C90033F064 /* CommentsCell.xib */; };
		4DE3BD1A21C509330089D9ED /* DetailVC.swift in Sources */ = {isa = PBXBuildFile; fileRef = 4DE3BD1921C509330089D9ED /* DetailVC.swift */; };
/* End PBXBuildFile section */

/* Begin PBXFileReference section */
		4D73DAF421C28FCC00BDDD7A /* MovieList.app */ = {isa = PBXFileReference; explicitFileType = wrapper.application; includeInIndex = 0; path = MovieList.app; sourceTree = BUILT_PRODUCTS_DIR; };
		4D73DAF721C28FCC00BDDD7A /* AppDelegate.swift */ = {isa = PBXFileReference; lastKnownFileType = sourcecode.swift; path = AppDelegate.swift; sourceTree = "<group>"; };
		4D73DAF921C28FCC00BDDD7A /* TableVC.swift */ = {isa = PBXFileReference; lastKnownFileType = sourcecode.swift; path = TableVC.swift; sourceTree = "<group>"; };
		4D73DAFC21C28FCC00BDDD7A /* Base */ = {isa = PBXFileReference; lastKnownFileType = file.storyboard; name = Base; path = Base.lproj/Main.storyboard; sourceTree = "<group>"; };
		4D73DAFE21C28FCE00BDDD7A /* Assets.xcassets */ = {isa = PBXFileReference; lastKnownFileType = folder.assetcatalog; path = Assets.xcassets; sourceTree = "<group>"; };
		4D73DB0121C28FCE00BDDD7A /* Base */ = {isa = PBXFileReference; lastKnownFileType = file.storyboard; name = Base; path = Base.lproj/LaunchScreen.storyboard; sourceTree = "<group>"; };
		4D73DB0321C28FCE00BDDD7A /* Info.plist */ = {isa = PBXFileReference; lastKnownFileType = text.plist.xml; path = Info.plist; sourceTree = "<group>"; };
		4D73DB0921C2909200BDDD7A /* NetworkManager.swift */ = {isa = PBXFileReference; lastKnownFileType = sourcecode.swift; path = NetworkManager.swift; sourceTree = "<group>"; };
		4D8E7ADF21C399E500A2FD12 /* CollectionVC.swift */ = {isa = PBXFileReference; lastKnownFileType = sourcecode.swift; path = CollectionVC.swift; sourceTree = "<group>"; };
		4D8E7AE121C39BAD00A2FD12 /* CollectionCell.swift */ = {isa = PBXFileReference; lastKnownFileType = sourcecode.swift; path = CollectionCell.swift; sourceTree = "<group>"; };
		4D8E7AE221C39BAD00A2FD12 /* CollectionCell.xib */ = {isa = PBXFileReference; lastKnownFileType = file.xib; path = CollectionCell.xib; sourceTree = "<group>"; };
		4D8E7AE821C40BD500A2FD12 /* MovieCell.swift */ = {isa = PBXFileReference; fileEncoding = 4; lastKnownFileType = sourcecode.swift; path = MovieCell.swift; sourceTree = "<group>"; };
		4D8E7AE921C40BD500A2FD12 /* MovieCell.xib */ = {isa = PBXFileReference; fileEncoding = 4; lastKnownFileType = file.xib; path = MovieCell.xib; sourceTree = "<group>"; };
		4DD981E421C639A70033F064 /* DetailCell.swift */ = {isa = PBXFileReference; lastKnownFileType = sourcecode.swift; path = DetailCell.swift; sourceTree = "<group>"; };
		4DD981E521C639A70033F064 /* DetailCell.xib */ = {isa = PBXFileReference; lastKnownFileType = file.xib; path = DetailCell.xib; sourceTree = "<group>"; };
		4DD981E821C659C90033F064 /* CommentsCell.swift */ = {isa = PBXFileReference; lastKnownFileType = sourcecode.swift; path = CommentsCell.swift; sourceTree = "<group>"; };
		4DD981E921C659C90033F064 /* CommentsCell.xib */ = {isa = PBXFileReference; lastKnownFileType = file.xib; path = CommentsCell.xib; sourceTree = "<group>"; };
		4DE3BD1921C509330089D9ED /* DetailVC.swift */ = {isa = PBXFileReference; lastKnownFileType = sourcecode.swift; path = DetailVC.swift; sourceTree = "<group>"; };
/* End PBXFileReference section */

/* Begin PBXFrameworksBuildPhase section */
		4D73DAF121C28FCC00BDDD7A /* Frameworks */ = {
			isa = PBXFrameworksBuildPhase;
			buildActionMask = 2147483647;
			files = (
			);
			runOnlyForDeploymentPostprocessing = 0;
		};
/* End PBXFrameworksBuildPhase section */

/* Begin PBXGroup section */
		4D73DAEB21C28FCC00BDDD7A = {
			isa = PBXGroup;
			children = (
				4D73DAF621C28FCC00BDDD7A /* MovieList */,
				4D73DAF521C28FCC00BDDD7A /* Products */,
			);
			sourceTree = "<group>";
		};
		4D73DAF521C28FCC00BDDD7A /* Products */ = {
			isa = PBXGroup;
			children = (
				4D73DAF421C28FCC00BDDD7A /* MovieList.app */,
			);
			name = Products;
			sourceTree = "<group>";
		};
		4D73DAF621C28FCC00BDDD7A /* MovieList */ = {
			isa = PBXGroup;
			children = (
				4D8E7AE521C3A2D300A2FD12 /* Cell */,
				4D73DAF721C28FCC00BDDD7A /* AppDelegate.swift */,
				4D73DB0921C2909200BDDD7A /* NetworkManager.swift */,
				4D73DAF921C28FCC00BDDD7A /* TableVC.swift */,
				4D8E7ADF21C399E500A2FD12 /* CollectionVC.swift */,
				4DE3BD1921C509330089D9ED /* DetailVC.swift */,
				4D8E7AE821C40BD500A2FD12 /* MovieCell.swift */,
				4D8E7AE921C40BD500A2FD12 /* MovieCell.xib */,
				4D73DAFB21C28FCC00BDDD7A /* Main.storyboard */,
				4D73DAFE21C28FCE00BDDD7A /* Assets.xcassets */,
				4D73DB0021C28FCE00BDDD7A /* LaunchScreen.storyboard */,
				4D73DB0321C28FCE00BDDD7A /* Info.plist */,
			);
			path = MovieList;
			sourceTree = "<group>";
		};
		4D8E7AE521C3A2D300A2FD12 /* Cell */ = {
			isa = PBXGroup;
			children = (
				4D8E7AE121C39BAD00A2FD12 /* CollectionCell.swift */,
				4D8E7AE221C39BAD00A2FD12 /* CollectionCell.xib */,
				4DD981E421C639A70033F064 /* DetailCell.swift */,
				4DD981E521C639A70033F064 /* DetailCell.xib */,
				4DD981E821C659C90033F064 /* CommentsCell.swift */,
				4DD981E921C659C90033F064 /* CommentsCell.xib */,
			);
			path = Cell;
			sourceTree = "<group>";
		};
/* End PBXGroup section */

/* Begin PBXNativeTarget section */
		4D73DAF321C28FCC00BDDD7A /* MovieList */ = {
			isa = PBXNativeTarget;
			buildConfigurationList = 4D73DB0621C28FCE00BDDD7A /* Build configuration list for PBXNativeTarget "MovieList" */;
			buildPhases = (
				4D73DAF021C28FCC00BDDD7A /* Sources */,
				4D73DAF121C28FCC00BDDD7A /* Frameworks */,
				4D73DAF221C28FCC00BDDD7A /* Resources */,
			);
			buildRules = (
			);
			dependencies = (
			);
			name = MovieList;
			productName = MovieList;
			productReference = 4D73DAF421C28FCC00BDDD7A /* MovieList.app */;
			productType = "com.apple.product-type.application";
		};
/* End PBXNativeTarget section */

/* Begin PBXProject section */
		4D73DAEC21C28FCC00BDDD7A /* Project object */ = {
			isa = PBXProject;
			attributes = {
				LastSwiftUpdateCheck = 1010;
				LastUpgradeCheck = 1010;
				ORGANIZATIONNAME = "hwan ung Yu";
				TargetAttributes = {
					4D73DAF321C28FCC00BDDD7A = {
						CreatedOnToolsVersion = 10.1;
					};
				};
			};
			buildConfigurationList = 4D73DAEF21C28FCC00BDDD7A /* Build configuration list for PBXProject "MovieList" */;
			compatibilityVersion = "Xcode 9.3";
			developmentRegion = en;
			hasScannedForEncodings = 0;
			knownRegions = (
				en,
				Base,
			);
			mainGroup = 4D73DAEB21C28FCC00BDDD7A;
			productRefGroup = 4D73DAF521C28FCC00BDDD7A /* Products */;
			projectDirPath = "";
			projectRoot = "";
			targets = (
				4D73DAF321C28FCC00BDDD7A /* MovieList */,
			);
		};
/* End PBXProject section */

/* Begin PBXResourcesBuildPhase section */
		4D73DAF221C28FCC00BDDD7A /* Resources */ = {
			isa = PBXResourcesBuildPhase;
			buildActionMask = 2147483647;
			files = (
				4D73DB0221C28FCE00BDDD7A /* LaunchScreen.storyboard in Resources */,
				4D73DAFF21C28FCE00BDDD7A /* Assets.xcassets in Resources */,
				4DD981E721C639A70033F064 /* DetailCell.xib in Resources */,
				4D73DAFD21C28FCC00BDDD7A /* Main.storyboard in Resources */,
				4D8E7AE421C39BAD00A2FD12 /* CollectionCell.xib in Resources */,
				4D8E7AEB21C40BD500A2FD12 /* MovieCell.xib in Resources */,
				4DD981EB21C659C90033F064 /* CommentsCell.xib in Resources */,
			);
			runOnlyForDeploymentPostprocessing = 0;
		};
/* End PBXResourcesBuildPhase section */

/* Begin PBXSourcesBuildPhase section */
		4D73DAF021C28FCC00BDDD7A /* Sources */ = {
			isa = PBXSourcesBuildPhase;
			buildActionMask = 2147483647;
			files = (
				4D73DB0A21C2909200BDDD7A /* NetworkManager.swift in Sources */,
				4DD981EA21C659C90033F064 /* CommentsCell.swift in Sources */,
				4D8E7AE321C39BAD00A2FD12 /* CollectionCell.swift in Sources */,
				4DD981E621C639A70033F064 /* DetailCell.swift in Sources */,
				4D8E7AEA21C40BD500A2FD12 /* MovieCell.swift in Sources */,
				4D8E7AE021C399E500A2FD12 /* CollectionVC.swift in Sources */,
				4D73DAFA21C28FCC00BDDD7A /* TableVC.swift in Sources */,
				4D73DAF821C28FCC00BDDD7A /* AppDelegate.swift in Sources */,
				4DE3BD1A21C509330089D9ED /* DetailVC.swift in Sources */,
			);
			runOnlyForDeploymentPostprocessing = 0;
		};
/* End PBXSourcesBuildPhase section */

/* Begin PBXVariantGroup section */
		4D73DAFB21C28FCC00BDDD7A /* Main.storyboard */ = {
			isa = PBXVariantGroup;
			children = (
				4D73DAFC21C28FCC00BDDD7A /* Base */,
			);
			name = Main.storyboard;
			sourceTree = "<group>";
		};
		4D73DB0021C28FCE00BDDD7A /* LaunchScreen.storyboard */ = {
			isa = PBXVariantGroup;
			children = (
				4D73DB0121C28FCE00BDDD7A /* Base */,
			);
			name = LaunchScreen.storyboard;
			sourceTree = "<group>";
		};
/* End PBXVariantGroup section */

/* Begin XCBuildConfiguration section */
		4D73DB0421C28FCE00BDDD7A /* Debug */ = {
			isa = XCBuildConfiguration;
			buildSettings = {
				ALWAYS_SEARCH_USER_PATHS = NO;
				CLANG_ANALYZER_NONNULL = YES;
				CLANG_ANALYZER_NUMBER_OBJECT_CONVERSION = YES_AGGRESSIVE;
				CLANG_CXX_LANGUAGE_STANDARD = "gnu++14";
				CLANG_CXX_LIBRARY = "libc++";
				CLANG_ENABLE_MODULES = YES;
				CLANG_ENABLE_OBJC_ARC = YES;
				CLANG_ENABLE_OBJC_WEAK = YES;
				CLANG_WARN_BLOCK_CAPTURE_AUTORELEASING = YES;
				CLANG_WARN_BOOL_CONVERSION = YES;
				CLANG_WARN_COMMA = YES;
				CLANG_WARN_CONSTANT_CONVERSION = YES;
				CLANG_WARN_DEPRECATED_OBJC_IMPLEMENTATIONS = YES;
				CLANG_WARN_DIRECT_OBJC_ISA_USAGE = YES_ERROR;
				CLANG_WARN_DOCUMENTATION_COMMENTS = YES;
				CLANG_WARN_EMPTY_BODY = YES;
				CLANG_WARN_ENUM_CONVERSION = YES;
				CLANG_WARN_INFINITE_RECURSION = YES;
				CLANG_WARN_INT_CONVERSION = YES;
				CLANG_WARN_NON_LITERAL_NULL_CONVERSION = YES;
				CLANG_WARN_OBJC_IMPLICIT_RETAIN_SELF = YES;
				CLANG_WARN_OBJC_LITERAL_CONVERSION = YES;
				CLANG_WARN_OBJC_ROOT_CLASS = YES_ERROR;
				CLANG_WARN_RANGE_LOOP_ANALYSIS = YES;
				CLANG_WARN_STRICT_PROTOTYPES = YES;
				CLANG_WARN_SUSPICIOUS_MOVE = YES;
				CLANG_WARN_UNGUARDED_AVAILABILITY = YES_AGGRESSIVE;
				CLANG_WARN_UNREACHABLE_CODE = YES;
				CLANG_WARN__DUPLICATE_METHOD_MATCH = YES;
				CODE_SIGN_IDENTITY = "iPhone Developer";
				COPY_PHASE_STRIP = NO;
				DEBUG_INFORMATION_FORMAT = dwarf;
				ENABLE_STRICT_OBJC_MSGSEND = YES;
				ENABLE_TESTABILITY = YES;
				GCC_C_LANGUAGE_STANDARD = gnu11;
				GCC_DYNAMIC_NO_PIC = NO;
				GCC_NO_COMMON_BLOCKS = YES;
				GCC_OPTIMIZATION_LEVEL = 0;
				GCC_PREPROCESSOR_DEFINITIONS = (
					"DEBUG=1",
					"$(inherited)",
				);
				GCC_WARN_64_TO_32_BIT_CONVERSION = YES;
				GCC_WARN_ABOUT_RETURN_TYPE = YES_ERROR;
				GCC_WARN_UNDECLARED_SELECTOR = YES;
				GCC_WARN_UNINITIALIZED_AUTOS = YES_AGGRESSIVE;
				GCC_WARN_UNUSED_FUNCTION = YES;
				GCC_WARN_UNUSED_VARIABLE = YES;
				IPHONEOS_DEPLOYMENT_TARGET = 12.1;
				MTL_ENABLE_DEBUG_INFO = INCLUDE_SOURCE;
				MTL_FAST_MATH = YES;
				ONLY_ACTIVE_ARCH = YES;
				SDKROOT = iphoneos;
				SWIFT_ACTIVE_COMPILATION_CONDITIONS = DEBUG;
				SWIFT_OPTIMIZATION_LEVEL = "-Onone";
			};
			name = Debug;
		};
		4D73DB0521C28FCE00BDDD7A /* Release */ = {
			isa = XCBuildConfiguration;
			buildSettings = {
				ALWAYS_SEARCH_USER_PATHS = NO;
				CLANG_ANALYZER_NONNULL = YES;
				CLANG_ANALYZER_NUMBER_OBJECT_CONVERSION = YES_AGGRESSIVE;
				CLANG_CXX_LANGUAGE_STANDARD = "gnu++14";
				CLANG_CXX_LIBRARY = "libc++";
				CLANG_ENABLE_MODULES = YES;
				CLANG_ENABLE_OBJC_ARC = YES;
				CLANG_ENABLE_OBJC_WEAK = YES;
				CLANG_WARN_BLOCK_CAPTURE_AUTORELEASING = YES;
				CLANG_WARN_BOOL_CONVERSION = YES;
				CLANG_WARN_COMMA = YES;
				CLANG_WARN_CONSTANT_CONVERSION = YES;
				CLANG_WARN_DEPRECATED_OBJC_IMPLEMENTATIONS = YES;
				CLANG_WARN_DIRECT_OBJC_ISA_USAGE = YES_ERROR;
				CLANG_WARN_DOCUMENTATION_COMMENTS = YES;
				CLANG_WARN_EMPTY_BODY = YES;
				CLANG_WARN_ENUM_CONVERSION = YES;
				CLANG_WARN_INFINITE_RECURSION = YES;
				CLANG_WARN_INT_CONVERSION = YES;
				CLANG_WARN_NON_LITERAL_NULL_CONVERSION = YES;
				CLANG_WARN_OBJC_IMPLICIT_RETAIN_SELF = YES;
				CLANG_WARN_OBJC_LITERAL_CONVERSION = YES;
				CLANG_WARN_OBJC_ROOT_CLASS = YES_ERROR;
				CLANG_WARN_RANGE_LOOP_ANALYSIS = YES;
				CLANG_WARN_STRICT_PROTOTYPES = YES;
				CLANG_WARN_SUSPICIOUS_MOVE = YES;
				CLANG_WARN_UNGUARDED_AVAILABILITY = YES_AGGRESSIVE;
				CLANG_WARN_UNREACHABLE_CODE = YES;
				CLANG_WARN__DUPLICATE_METHOD_MATCH = YES;
				CODE_SIGN_IDENTITY = "iPhone Developer";
				COPY_PHASE_STRIP = NO;
				DEBUG_INFORMATION_FORMAT = "dwarf-with-dsym";
				ENABLE_NS_ASSERTIONS = NO;
				ENABLE_STRICT_OBJC_MSGSEND = YES;
				GCC_C_LANGUAGE_STANDARD = gnu11;
				GCC_NO_COMMON_BLOCKS = YES;
				GCC_WARN_64_TO_32_BIT_CONVERSION = YES;
				GCC_WARN_ABOUT_RETURN_TYPE = YES_ERROR;
				GCC_WARN_UNDECLARED_SELECTOR = YES;
				GCC_WARN_UNINITIALIZED_AUTOS = YES_AGGRESSIVE;
				GCC_WARN_UNUSED_FUNCTION = YES;
				GCC_WARN_UNUSED_VARIABLE = YES;
				IPHONEOS_DEPLOYMENT_TARGET = 12.1;
				MTL_ENABLE_DEBUG_INFO = NO;
				MTL_FAST_MATH = YES;
				SDKROOT = iphoneos;
				SWIFT_COMPILATION_MODE = wholemodule;
				SWIFT_OPTIMIZATION_LEVEL = "-O";
				VALIDATE_PRODUCT = YES;
			};
			name = Release;
		};
		4D73DB0721C28FCE00BDDD7A /* Debug */ = {
			isa = XCBuildConfiguration;
			buildSettings = {
				ASSETCATALOG_COMPILER_APPICON_NAME = AppIcon;
				CODE_SIGN_STYLE = Automatic;
				DEVELOPMENT_TEAM = UL22BZ9D7W;
				INFOPLIST_FILE = MovieList/Info.plist;
				IPHONEOS_DEPLOYMENT_TARGET = 10.0;
				LD_RUNPATH_SEARCH_PATHS = (
					"$(inherited)",
					"@executable_path/Frameworks",
				);
				PRODUCT_BUNDLE_IDENTIFIER = ios.test.MovieList;
				PRODUCT_NAME = "$(TARGET_NAME)";
				SWIFT_VERSION = 4.2;
				TARGETED_DEVICE_FAMILY = "1,2";
			};
			name = Debug;
		};
		4D73DB0821C28FCE00BDDD7A /* Release */ = {
			isa = XCBuildConfiguration;
			buildSettings = {
				ASSETCATALOG_COMPILER_APPICON_NAME = AppIcon;
				CODE_SIGN_STYLE = Automatic;
				DEVELOPMENT_TEAM = UL22BZ9D7W;
				INFOPLIST_FILE = MovieList/Info.plist;
				IPHONEOS_DEPLOYMENT_TARGET = 10.0;
				LD_RUNPATH_SEARCH_PATHS = (
					"$(inherited)",
					"@executable_path/Frameworks",
				);
				PRODUCT_BUNDLE_IDENTIFIER = ios.test.MovieList;
				PRODUCT_NAME = "$(TARGET_NAME)";
				SWIFT_VERSION = 4.2;
				TARGETED_DEVICE_FAMILY = "1,2";
			};
			name = Release;
		};
/* End XCBuildConfiguration section */

/* Begin XCConfigurationList section */
		4D73DAEF21C28FCC00BDDD7A /* Build configuration list for PBXProject "MovieList" */ = {
			isa = XCConfigurationList;
			buildConfigurations = (
				4D73DB0421C28FCE00BDDD7A /* Debug */,
				4D73DB0521C28FCE00BDDD7A /* Release */,
			);
			defaultConfigurationIsVisible = 0;
			defaultConfigurationName = Release;
		};
		4D73DB0621C28FCE00BDDD7A /* Build configuration list for PBXNativeTarget "MovieList" */ = {
			isa = XCConfigurationList;
			buildConfigurations = (
				4D73DB0721C28FCE00BDDD7A /* Debug */,
				4D73DB0821C28FCE00BDDD7A /* Release */,
			);
			defaultConfigurationIsVisible = 0;
			defaultConfigurationName = Release;
		};
/* End XCConfigurationList section */
	};
	rootObject = 4D73DAEC21C28FCC00BDDD7A /* Project object */;
}
